<?xml version="1.0" encoding="utf-8"?>
<Project ToolsVersion="4.0" xmlns="http://schemas.microsoft.com/developer/msbuild/2003">
  <ItemGroup>
    <Filter Include="Maths">
      <UniqueIdentifier>{E8CC5C2B-DBCC-5A5D-8CD2-63CB1EB28F1F}</UniqueIdentifier>
    </Filter>
    <Filter Include="Native">
      <UniqueIdentifier>{E3FECD3E-1260-5FAE-B1A4-2F3CDDD6A58F}</UniqueIdentifier>
    </Filter>
    <Filter Include="Build">
      <UniqueIdentifier>{F2283DDF-E07B-54AA-8414-41DE2CFE031D}</UniqueIdentifier>
    </Filter>
    <Filter Include="Reference">
      <UniqueIdentifier>{FA03127D-90C1-57F8-9A7E-7E0EDDC7A9E1}</UniqueIdentifier>
    </Filter>
    <Filter Include="Replay">
      <UniqueIdentifier>{76CD6296-103E-5D07-AD3F-B20A9DA68ED4}</UniqueIdentifier>
    </Filter>
  </ItemGroup>
  <ItemGroup>
    <ClInclude Include="DataField.h">
      <Filter>Native</Filter>
    </ClInclude>
    <ClInclude Include="DataOverlay.h">
      <Filter>Native</Filter>
    </ClInclude>
    <ClInclude Include="Guest.h">
      <Filter>Native</Filter>
    </ClInclude>
    <ClInclude Include="Maths.h">
      <Filter>Maths</Filter>
    </ClInclude>
    <ClInclude Include="NativeRoutines.h">
      <Filter>Native</Filter>
    </ClInclude>
    <ClInclude Include="pch.h">
      <Filter>Build</Filter>
    </ClInclude>
    <ClInclude Include="Reference.h">
      <Filter>Reference</Filter>
    </ClInclude>
    <ClInclude Include="Replay.h">
      <Filter>Replay</Filter>
    </ClInclude>
    <ClInclude Include="StateDigest.h">
      <Filter>Replay</Filter>
    </ClInclude>
  </ItemGroup>
  <ItemGroup>
    <ClCompile Include="Maths.cpp">
      <Filter>Maths</Filter>
    </ClCompile>
    <ClCompile Include="NativeRoutines.cpp">
      <Filter>Native</Filter>
    </ClCompile>
    <ClCompile Include="pch.cpp">
      <Filter>Build</Filter>
    </ClCompile>
    <ClCompile Include="Reference.cpp">
      <Filter>Reference</Filter>
    </ClCompile>
    <ClCompile Include="Replay.cpp">
      <Filter>Replay</Filter>
    </ClCompile>
    <ClCompile Include="StateDigest.cpp">
      <Filter>Replay</Filter>
    </ClCompile>
  </ItemGroup>
</Project>
