<?xml version="1.0" encoding="utf-8"?>
<Project ToolsVersion="4.0" xmlns="http://schemas.microsoft.com/developer/msbuild/2003">
  <ItemGroup>
    <Filter Include="Canvas">
      <UniqueIdentifier>{8f4a2c61-5d37-4e29-a8b6-1c9e30fd7a45}</UniqueIdentifier>
      <Extensions>h;cpp</Extensions>
    </Filter>
    <Filter Include="Kernel">
      <UniqueIdentifier>{3f1a6c20-9d84-4b17-8e52-6c0b4a7d1e33}</UniqueIdentifier>
      <Extensions>h;cpp</Extensions>
    </Filter>
    <Filter Include="Universe">
      <UniqueIdentifier>{c94f1a27-3e60-4b85-9d12-7a5e28cb6403}</UniqueIdentifier>
      <Extensions>h;cpp</Extensions>
    </Filter>
    <Filter Include="Text">
      <UniqueIdentifier>{8f5e1a74-4bc6-4da9-e3f7-a0825dc1e94b}</UniqueIdentifier>
      <Extensions>h;cpp</Extensions>
    </Filter>
    <Filter Include="Generated Data">
      <UniqueIdentifier>{7e4d0f63-3ab5-4c98-d2e6-9f714cb0d83a}</UniqueIdentifier>
      <Extensions>cpp</Extensions>
    </Filter>
    <Filter Include="Sound">
      <UniqueIdentifier>{b21d7f08-6e4a-4c53-9a1e-3d8f5c2b7e60}</UniqueIdentifier>
      <Extensions>h;cpp</Extensions>
    </Filter>
  </ItemGroup>
  <ItemGroup>
    <ClInclude Include="pch.h" />
    <ClInclude Include="Arith.h">
      <Filter>Kernel</Filter>
    </ClInclude>
    <ClInclude Include="EliteTypes.h">
      <Filter>Kernel</Filter>
    </ClInclude>
    <ClInclude Include="LookupTables.h">
      <Filter>Kernel</Filter>
    </ClInclude>
    <ClInclude Include="Canvas.h">
      <Filter>Canvas</Filter>
    </ClInclude>
    <ClInclude Include="LoaderScreen.h">
      <Filter>Canvas</Filter>
    </ClInclude>
    <ClInclude Include="TextPrint.h">
      <Filter>Text</Filter>
    </ClInclude>
    <ClInclude Include="Universe.h">
      <Filter>Universe</Filter>
    </ClInclude>
    <ClInclude Include="ShipBlueprint.h">
      <Filter>Universe</Filter>
    </ClInclude>
    <ClInclude Include="ShipSlot.h">
      <Filter>Universe</Filter>
    </ClInclude>
    <ClInclude Include="ShipMove.h">
      <Filter>Universe</Filter>
    </ClInclude>
    <ClInclude Include="ShipDraw.h">
      <Filter>Canvas</Filter>
    </ClInclude>
    <ClInclude Include="LineHeap.h">
      <Filter>Canvas</Filter>
    </ClInclude>
    <ClInclude Include="SoundEffects.h">
      <Filter>Sound</Filter>
    </ClInclude>
    <ClInclude Include="Music.h">
      <Filter>Sound</Filter>
    </ClInclude>
    <ClInclude Include="Spawn.h">
      <Filter>Universe</Filter>
    </ClInclude>
    <ClInclude Include="PlanetDraw.h">
      <Filter>Canvas</Filter>
    </ClInclude>
    <ClInclude Include="Scanner.h">
      <Filter>Canvas</Filter>
    </ClInclude>
    <ClInclude Include="Messages.h">
      <Filter>Canvas</Filter>
    </ClInclude>
    <ClInclude Include="Lasers.h">
      <Filter>Canvas</Filter>
    </ClInclude>
    <ClInclude Include="FlightLoop.h">
      <Filter>Universe</Filter>
    </ClInclude>
    <ClInclude Include="Combat.h">
      <Filter>Universe</Filter>
    </ClInclude>
    <ClInclude Include="Hyperspace.h">
      <Filter>Universe</Filter>
    </ClInclude>
    <ClInclude Include="GameLoop.h">
      <Filter>Universe</Filter>
    </ClInclude>
    <ClInclude Include="PauseScreen.h">
      <Filter>Universe</Filter>
    </ClInclude>
    <ClInclude Include="Tactics.h">
      <Filter>Universe</Filter>
    </ClInclude>
    <ClInclude Include="Flight.h">
      <Filter>Universe</Filter>
    </ClInclude>
    <ClInclude Include="Controls.h">
      <Filter>Universe</Filter>
    </ClInclude>
    <ClInclude Include="ViewChange.h">
      <Filter>Universe</Filter>
    </ClInclude>
    <ClInclude Include="Dashboard.h">
      <Filter>Canvas</Filter>
    </ClInclude>
    <ClInclude Include="Stardust.h">
      <Filter>Universe</Filter>
    </ClInclude>
    <ClInclude Include="Market.h">
      <Filter>Universe</Filter>
    </ClInclude>
    <ClInclude Include="StateTokens.h">
      <Filter>Universe</Filter>
    </ClInclude>
    <ClInclude Include="MarketScreen.h">
      <Filter>Universe</Filter>
    </ClInclude>
    <ClInclude Include="Equipment.h">
      <Filter>Universe</Filter>
    </ClInclude>
    <ClInclude Include="NameEntry.h">
      <Filter>Universe</Filter>
    </ClInclude>
    <ClInclude Include="SaveGame.h">
      <Filter>Universe</Filter>
    </ClInclude>
    <ClInclude Include="StatusScreen.h">
      <Filter>Universe</Filter>
    </ClInclude>
    <ClInclude Include="SystemScreen.h">
      <Filter>Universe</Filter>
    </ClInclude>
    <ClInclude Include="DockedKeys.h">
      <Filter>Universe</Filter>
    </ClInclude>
    <ClInclude Include="StartUp.h">
      <Filter>Universe</Filter>
    </ClInclude>
    <ClInclude Include="Docking.h">
      <Filter>Universe</Filter>
    </ClInclude>
    <ClInclude Include="Charts.h">
      <Filter>Universe</Filter>
    </ClInclude>
    <ClInclude Include="Commander.h">
      <Filter>Universe</Filter>
    </ClInclude>
    <ClInclude Include="Rng.h">
      <Filter>Kernel</Filter>
    </ClInclude>
    <ClInclude Include="EliteConfig.h">
      <Filter>Kernel</Filter>
    </ClInclude>
    <ClInclude Include="Tokens.h">
      <Filter>Text</Filter>
    </ClInclude>
    <ClInclude Include="ExtendedTokens.h">
      <Filter>Text</Filter>
    </ClInclude>
  </ItemGroup>
  <ItemGroup>
    <ClCompile Include="pch.cpp" />
    <ClCompile Include="Arith.cpp">
      <Filter>Kernel</Filter>
    </ClCompile>
    <ClCompile Include="Canvas.cpp">
      <Filter>Canvas</Filter>
    </ClCompile>
    <ClCompile Include="LoaderScreen.cpp">
      <Filter>Canvas</Filter>
    </ClCompile>
    <ClCompile Include="Lines.cpp">
      <Filter>Canvas</Filter>
    </ClCompile>
    <ClCompile Include="TextPrint.cpp">
      <Filter>Text</Filter>
    </ClCompile>
    <ClCompile Include="Universe.cpp">
      <Filter>Universe</Filter>
    </ClCompile>
    <ClCompile Include="Market.cpp">
      <Filter>Universe</Filter>
    </ClCompile>
    <ClCompile Include="StateTokens.cpp">
      <Filter>Universe</Filter>
    </ClCompile>
    <ClCompile Include="MarketScreen.cpp">
      <Filter>Universe</Filter>
    </ClCompile>
    <ClCompile Include="Equipment.cpp">
      <Filter>Universe</Filter>
    </ClCompile>
    <ClCompile Include="NameEntry.cpp">
      <Filter>Universe</Filter>
    </ClCompile>
    <ClCompile Include="SaveGame.cpp">
      <Filter>Universe</Filter>
    </ClCompile>
    <ClCompile Include="StatusScreen.cpp">
      <Filter>Universe</Filter>
    </ClCompile>
    <ClCompile Include="SystemScreen.cpp">
      <Filter>Universe</Filter>
    </ClCompile>
    <ClCompile Include="DockedKeys.cpp">
      <Filter>Universe</Filter>
    </ClCompile>
    <ClCompile Include="StartUp.cpp">
      <Filter>Universe</Filter>
    </ClCompile>
    <ClCompile Include="Docking.cpp">
      <Filter>Universe</Filter>
    </ClCompile>
    <ClCompile Include="Charts.cpp">
      <Filter>Universe</Filter>
    </ClCompile>
    <ClCompile Include="Commander.cpp">
      <Filter>Universe</Filter>
    </ClCompile>
    <ClCompile Include="CommanderTable.cpp">
      <Filter>Generated Data</Filter>
    </ClCompile>
    <ClCompile Include="MarketTable.cpp">
      <Filter>Generated Data</Filter>
    </ClCompile>
    <ClCompile Include="EquipmentTable.cpp">
      <Filter>Generated Data</Filter>
    </ClCompile>
    <ClCompile Include="KeyTable.cpp">
      <Filter>Generated Data</Filter>
    </ClCompile>
    <ClCompile Include="SoundTables.cpp">
      <Filter>Generated Data</Filter>
    </ClCompile>
    <ClCompile Include="ShipData.cpp">
      <Filter>Generated Data</Filter>
    </ClCompile>
    <ClCompile Include="ShipBlueprint.cpp">
      <Filter>Universe</Filter>
    </ClCompile>
    <ClCompile Include="ShipSlot.cpp">
      <Filter>Universe</Filter>
    </ClCompile>
    <ClCompile Include="ShipMove.cpp">
      <Filter>Universe</Filter>
    </ClCompile>
    <ClCompile Include="ShipDraw.cpp">
      <Filter>Canvas</Filter>
    </ClCompile>
    <ClCompile Include="SoundEffects.cpp">
      <Filter>Sound</Filter>
    </ClCompile>
    <ClCompile Include="Music.cpp">
      <Filter>Sound</Filter>
    </ClCompile>
    <ClCompile Include="Spawn.cpp">
      <Filter>Universe</Filter>
    </ClCompile>
    <ClCompile Include="PlanetDraw.cpp">
      <Filter>Canvas</Filter>
    </ClCompile>
    <ClCompile Include="Scanner.cpp">
      <Filter>Canvas</Filter>
    </ClCompile>
    <ClCompile Include="Messages.cpp">
      <Filter>Canvas</Filter>
    </ClCompile>
    <ClCompile Include="Lasers.cpp">
      <Filter>Canvas</Filter>
    </ClCompile>
    <ClCompile Include="FlightLoop.cpp">
      <Filter>Universe</Filter>
    </ClCompile>
    <ClCompile Include="Combat.cpp">
      <Filter>Universe</Filter>
    </ClCompile>
    <ClCompile Include="Hyperspace.cpp">
      <Filter>Universe</Filter>
    </ClCompile>
    <ClCompile Include="GameLoop.cpp">
      <Filter>Universe</Filter>
    </ClCompile>
    <ClCompile Include="PauseScreen.cpp">
      <Filter>Universe</Filter>
    </ClCompile>
    <ClCompile Include="OptionTables.cpp">
      <Filter>Tables</Filter>
    </ClCompile>
    <ClCompile Include="Tactics.cpp">
      <Filter>Universe</Filter>
    </ClCompile>
    <ClCompile Include="Flight.cpp">
      <Filter>Universe</Filter>
    </ClCompile>
    <ClCompile Include="Controls.cpp">
      <Filter>Universe</Filter>
    </ClCompile>
    <ClCompile Include="ViewChange.cpp">
      <Filter>Universe</Filter>
    </ClCompile>
    <ClCompile Include="DashboardImage.cpp">
      <Filter>Generated Data</Filter>
    </ClCompile>
    <ClCompile Include="Dashboard.cpp">
      <Filter>Canvas</Filter>
    </ClCompile>
    <ClCompile Include="Stardust.cpp">
      <Filter>Universe</Filter>
    </ClCompile>
    <ClCompile Include="Rng.cpp">
      <Filter>Kernel</Filter>
    </ClCompile>
    <ClCompile Include="LogTables.cpp">
      <Filter>Generated Data</Filter>
    </ClCompile>
    <ClCompile Include="SineTable.cpp">
      <Filter>Generated Data</Filter>
    </ClCompile>
    <ClCompile Include="ArctanTable.cpp">
      <Filter>Generated Data</Filter>
    </ClCompile>
    <ClCompile Include="TokenTables.cpp">
      <Filter>Generated Data</Filter>
    </ClCompile>
    <ClCompile Include="Tokens.cpp">
      <Filter>Text</Filter>
    </ClCompile>
    <ClCompile Include="ExtendedTokens.cpp">
      <Filter>Text</Filter>
    </ClCompile>
    <ClCompile Include="ExtendedTokenTables.cpp">
      <Filter>Generated Data</Filter>
    </ClCompile>
    <ClCompile Include="ScreenTables.cpp">
      <Filter>Generated Data</Filter>
    </ClCompile>
    <ClCompile Include="Font.cpp">
      <Filter>Generated Data</Filter>
    </ClCompile>
  </ItemGroup>
</Project>
