<?xml version="1.0" encoding="utf-8"?>
<Project ToolsVersion="4.0" xmlns="http://schemas.microsoft.com/developer/msbuild/2003">
  <ItemGroup>
    <Filter Include="Oracle">
      <UniqueIdentifier>{5c2b8d41-1e93-4a76-b0c4-7d5f2a9e6b18}</UniqueIdentifier>
      <Extensions>h;cpp</Extensions>
    </Filter>
    <Filter Include="Suites">
      <UniqueIdentifier>{6d3c9e52-2fa4-4b87-c1d5-8e603bafc729}</UniqueIdentifier>
      <Extensions>cpp</Extensions>
    </Filter>
  </ItemGroup>
  <ItemGroup>
    <ClInclude Include="pch.h" />
    <ClInclude Include="Cpu6502.h">
      <Filter>Oracle</Filter>
    </ClInclude>
    <ClInclude Include="OracleImage.h">
      <Filter>Oracle</Filter>
    </ClInclude>
    <ClInclude Include="GoldenCanvas.h">
      <Filter>Oracle</Filter>
    </ClInclude>
    <ClInclude Include="FlightWorld.h">
      <Filter>Oracle</Filter>
    </ClInclude>
  </ItemGroup>
  <ItemGroup>
    <ClCompile Include="pch.cpp" />
    <ClCompile Include="Cpu6502.cpp">
      <Filter>Oracle</Filter>
    </ClCompile>
    <ClCompile Include="OracleImage.cpp">
      <Filter>Oracle</Filter>
    </ClCompile>
    <ClCompile Include="ArithTests.cpp">
      <Filter>Suites</Filter>
    </ClCompile>
    <ClCompile Include="Cpu6502Tests.cpp">
      <Filter>Suites</Filter>
    </ClCompile>
    <ClCompile Include="OracleTests.cpp">
      <Filter>Suites</Filter>
    </ClCompile>
    <ClCompile Include="RngTests.cpp">
      <Filter>Suites</Filter>
    </ClCompile>
    <ClCompile Include="TableTests.cpp">
      <Filter>Suites</Filter>
    </ClCompile>
    <ClCompile Include="TokenTests.cpp">
      <Filter>Suites</Filter>
    </ClCompile>
    <ClCompile Include="ExtendedTokenTests.cpp">
      <Filter>Suites</Filter>
    </ClCompile>
    <ClCompile Include="CanvasSpikeTests.cpp">
      <Filter>Suites</Filter>
    </ClCompile>
    <ClCompile Include="CanvasTests.cpp">
      <Filter>Suites</Filter>
    </ClCompile>
    <ClCompile Include="TextPrintTests.cpp">
      <Filter>Suites</Filter>
    </ClCompile>
    <ClCompile Include="GoldenCanvas.cpp">
      <Filter>Oracle</Filter>
    </ClCompile>
    <ClCompile Include="GoldenTests.cpp">
      <Filter>Suites</Filter>
    </ClCompile>
    <ClCompile Include="NumberTests.cpp">
      <Filter>Suites</Filter>
    </ClCompile>
    <ClCompile Include="UniverseTests.cpp">
      <Filter>Suites</Filter>
    </ClCompile>
    <ClCompile Include="MarketTests.cpp">
      <Filter>Suites</Filter>
    </ClCompile>
    <ClCompile Include="MarketScreenTests.cpp">
      <Filter>Suites</Filter>
    </ClCompile>
    <ClCompile Include="StateTokenTests.cpp">
      <Filter>Suites</Filter>
    </ClCompile>
    <ClCompile Include="NameEntryTests.cpp">
      <Filter>Suites</Filter>
    </ClCompile>
    <ClCompile Include="SaveGameTests.cpp">
      <Filter>Suites</Filter>
    </ClCompile>
    <ClCompile Include="SystemScreenTests.cpp">
      <Filter>Suites</Filter>
    </ClCompile>
    <ClCompile Include="SaveStoreTests.cpp">
      <Filter>Suites</Filter>
    </ClCompile>
    <ClCompile Include="DockedKeyTests.cpp">
      <Filter>Suites</Filter>
    </ClCompile>
    <ClCompile Include="StartUpTests.cpp">
      <Filter>Suites</Filter>
    </ClCompile>
    <ClCompile Include="DockingTests.cpp">
      <Filter>Suites</Filter>
    </ClCompile>
    <ClCompile Include="DockedSessionTests.cpp">
      <Filter>Suites</Filter>
    </ClCompile>
    <ClCompile Include="ShellTests.cpp">
      <Filter>Suites</Filter>
    </ClCompile>
    <ClCompile Include="ShipDataTests.cpp">
      <Filter>Suites</Filter>
    </ClCompile>
    <ClCompile Include="ShipMoveTests.cpp">
      <Filter>Suites</Filter>
    </ClCompile>
    <ClCompile Include="ShipDrawTests.cpp">
      <Filter>Suites</Filter>
    </ClCompile>
    <ClCompile Include="SoundTests.cpp">
      <Filter>Suites</Filter>
    </ClCompile>
    <ClCompile Include="SpawnTests.cpp">
      <Filter>Suites</Filter>
    </ClCompile>
    <ClCompile Include="PlanetDrawTests.cpp">
      <Filter>Suites</Filter>
    </ClCompile>
    <ClCompile Include="ScannerTests.cpp">
      <Filter>Suites</Filter>
    </ClCompile>
    <ClCompile Include="HyperspaceTests.cpp">
      <Filter>Suites</Filter>
    </ClCompile>
    <ClCompile Include="SpawnerTests.cpp">
      <Filter>Suites</Filter>
    </ClCompile>
    <ClCompile Include="TacticsTests.cpp">
      <Filter>Suites</Filter>
    </ClCompile>
    <ClCompile Include="MessageTests.cpp">
      <Filter>Suites</Filter>
    </ClCompile>
    <ClCompile Include="LaserTests.cpp">
      <Filter>Suites</Filter>
    </ClCompile>
    <ClCompile Include="FlightLoopTests.cpp">
      <Filter>Suites</Filter>
    </ClCompile>
    <ClCompile Include="CombatTests.cpp">
      <Filter>Suites</Filter>
    </ClCompile>
    <ClCompile Include="LaunchTests.cpp">
      <Filter>Suites</Filter>
    </ClCompile>
    <ClCompile Include="ControlsTests.cpp">
      <Filter>Suites</Filter>
    </ClCompile>
    <ClCompile Include="ViewChangeTests.cpp">
      <Filter>Suites</Filter>
    </ClCompile>
    <ClCompile Include="DashboardTests.cpp">
      <Filter>Suites</Filter>
    </ClCompile>
    <ClCompile Include="StardustTests.cpp">
      <Filter>Suites</Filter>
    </ClCompile>
    <ClCompile Include="..\..\Outpost\SaveStore.cpp">
      <Filter>Suites</Filter>
    </ClCompile>
    <ClCompile Include="..\..\Outpost\Presentation.cpp">
      <Filter>Suites</Filter>
    </ClCompile>
    <ClCompile Include="..\..\Outpost\KeyMap.cpp">
      <Filter>Suites</Filter>
    </ClCompile>
    <ClCompile Include="ChartTests.cpp">
      <Filter>Suites</Filter>
    </ClCompile>
    <ClCompile Include="CommanderTests.cpp">
      <Filter>Suites</Filter>
    </ClCompile>
    <ClCompile Include="CycleTests.cpp">
      <Filter>Suites</Filter>
    </ClCompile>
  </ItemGroup>
</Project>
