<?xml version="1.0" encoding="utf-8"?>
<Project ToolsVersion="4.0" xmlns="http://schemas.microsoft.com/developer/msbuild/2003">
  <ItemGroup>
    <Filter Include="Native">
      <UniqueIdentifier>{262361E2-C492-5968-8372-873FD1FD79B3}</UniqueIdentifier>
    </Filter>
    <Filter Include="Maths">
      <UniqueIdentifier>{4CDA8523-BE40-5EB6-BB9F-9C0E029B2085}</UniqueIdentifier>
    </Filter>
    <Filter Include="Build">
      <UniqueIdentifier>{A38D8D19-E84C-5174-93B5-6D72C91EA9D8}</UniqueIdentifier>
    </Filter>
    <Filter Include="Replay">
      <UniqueIdentifier>{4FA17651-43F5-57B9-8147-888A2272841C}</UniqueIdentifier>
    </Filter>
    <Filter Include="Rigs">
      <UniqueIdentifier>{DF447284-EDA8-587E-83FB-9FC68DF62CE6}</UniqueIdentifier>
    </Filter>
  </ItemGroup>
  <ItemGroup>
    <ClInclude Include="ComparisonRig.h">
      <Filter>Native</Filter>
    </ClInclude>
    <ClInclude Include="pch.h">
      <Filter>Build</Filter>
    </ClInclude>
    <ClInclude Include="ReferenceRig.h">
      <Filter>Rigs</Filter>
    </ClInclude>
  </ItemGroup>
  <ItemGroup>
    <ClCompile Include="CorpusTests.cpp">
      <Filter>Replay</Filter>
    </ClCompile>
    <ClCompile Include="MathsTests.cpp">
      <Filter>Maths</Filter>
    </ClCompile>
    <ClCompile Include="pch.cpp">
      <Filter>Build</Filter>
    </ClCompile>
    <ClCompile Include="ReplayTests.cpp">
      <Filter>Replay</Filter>
    </ClCompile>
    <ClCompile Include="StateDigestTests.cpp">
      <Filter>Replay</Filter>
    </ClCompile>
  </ItemGroup>
</Project>
