<?xml version="1.0" encoding="utf-8"?>
<Project ToolsVersion="4.0" xmlns="http://schemas.microsoft.com/developer/msbuild/2003">
  <ItemGroup>
    <Filter Include="Build">
      <UniqueIdentifier>{819C6745-53D6-5A49-8FC6-9352646D103D}</UniqueIdentifier>
    </Filter>
    <Filter Include="Cpu">
      <UniqueIdentifier>{6E59F20A-6C1E-56DB-8CEB-AF7F4C71E9AF}</UniqueIdentifier>
    </Filter>
    <Filter Include="Devices">
      <UniqueIdentifier>{4247BB1B-1667-5080-A1D7-C8D79DD0FAF1}</UniqueIdentifier>
    </Filter>
    <Filter Include="Dos">
      <UniqueIdentifier>{0B41E6E2-9CB7-545D-A331-B26C3C50DEB5}</UniqueIdentifier>
    </Filter>
    <Filter Include="Firmware">
      <UniqueIdentifier>{23A8AABB-5BEB-503F-9A27-FF274ADE16F5}</UniqueIdentifier>
    </Filter>
    <Filter Include="Loader">
      <UniqueIdentifier>{56703538-0074-5434-89F2-3C3BB01A5A6D}</UniqueIdentifier>
    </Filter>
    <Filter Include="Memory">
      <UniqueIdentifier>{5EEA54AE-6298-556E-99E1-676603292BE3}</UniqueIdentifier>
    </Filter>
    <Filter Include="Pc">
      <UniqueIdentifier>{4D391271-F4E6-54D0-8805-8197E7BC576D}</UniqueIdentifier>
    </Filter>
    <Filter Include="Services">
      <UniqueIdentifier>{C629C94A-1F95-558B-B2D2-1AF3FD9AE872}</UniqueIdentifier>
    </Filter>
    <Filter Include="Sound">
      <UniqueIdentifier>{2248FD5B-4609-5B65-AA3B-E7BD96271643}</UniqueIdentifier>
    </Filter>
    <Filter Include="Verification">
      <UniqueIdentifier>{747F9A38-ADFD-527B-843F-548997B33CDF}</UniqueIdentifier>
    </Filter>
    <Filter Include="Video">
      <UniqueIdentifier>{BD77D3FD-363E-5FBF-B551-013BF256F01E}</UniqueIdentifier>
    </Filter>
  </ItemGroup>
  <ItemGroup>
    <ClInclude Include="pch.h">
      <Filter>Build</Filter>
    </ClInclude>
    <ClInclude Include="PcRig.h">
      <Filter>Pc</Filter>
    </ClInclude>
    <ClInclude Include="ServiceRig.h">
      <Filter>Services</Filter>
    </ClInclude>
  </ItemGroup>
  <ItemGroup>
    <ClCompile Include="BiosTests.cpp">
      <Filter>Firmware</Filter>
    </ClCompile>
    <ClCompile Include="CgaFontTests.cpp">
      <Filter>Video</Filter>
    </ClCompile>
    <ClCompile Include="CgaTests.cpp">
      <Filter>Video</Filter>
    </ClCompile>
    <ClCompile Include="CpuTests.cpp">
      <Filter>Cpu</Filter>
    </ClCompile>
    <ClCompile Include="DosTests.cpp">
      <Filter>Dos</Filter>
    </ClCompile>
    <ClCompile Include="ExeLoaderTests.cpp">
      <Filter>Loader</Filter>
    </ClCompile>
    <ClCompile Include="FirmwareTests.cpp">
      <Filter>Firmware</Filter>
    </ClCompile>
    <ClCompile Include="GamePortTests.cpp">
      <Filter>Devices</Filter>
    </ClCompile>
    <ClCompile Include="KeyboardTests.cpp">
      <Filter>Devices</Filter>
    </ClCompile>
    <ClCompile Include="MemoryTests.cpp">
      <Filter>Memory</Filter>
    </ClCompile>
    <ClCompile Include="MouseTests.cpp">
      <Filter>Services</Filter>
    </ClCompile>
    <ClCompile Include="pch.cpp">
      <Filter>Build</Filter>
    </ClCompile>
    <ClCompile Include="NativeCodeTests.cpp">
      <Filter>Pc</Filter>
    </ClCompile>
    <ClCompile Include="PcTests.cpp">
      <Filter>Pc</Filter>
    </ClCompile>
    <ClCompile Include="PicTests.cpp">
      <Filter>Devices</Filter>
    </ClCompile>
    <ClCompile Include="PitTests.cpp">
      <Filter>Devices</Filter>
    </ClCompile>
    <ClCompile Include="PortRouterTests.cpp">
      <Filter>Devices</Filter>
    </ClCompile>
    <ClCompile Include="Sha256Tests.cpp">
      <Filter>Verification</Filter>
    </ClCompile>
    <ClCompile Include="SpeakerTests.cpp">
      <Filter>Sound</Filter>
    </ClCompile>
  </ItemGroup>
</Project>
